
Microsoft Visual Studio Solution File, Format Version 12.00
# Visual Studio 15
VisualStudioVersion = 15.0.27703.2047
MinimumVisualStudioVersion = 10.0.40219.1
Project("{FAE04EC0-301F-11D3-BF4B-00C04F79EFBC}") = "ConsoleApp2", "ConsoleApp2\ConsoleApp2.csproj", "{0239E038-FCC1-4077-97AB-DF8012095F06}"
EndProject
Global
	GlobalSection(SolutionConfigurationPlatforms) = preSolution
		Debug|Any CPU = Debug|Any CPU
		Release|Any CPU = Release|Any CPU
	EndGlobalSection
	GlobalSection(ProjectConfigurationPlatforms) = postSolution
		{0239E038-FCC1-4077-97AB-DF8012095F06}.Debug|Any CPU.ActiveCfg = Debug|Any CPU
		{0239E038-FCC1-4077-97AB-DF8012095F06}.Debug|Any CPU.Build.0 = Debug|Any CPU
		{0239E038-FCC1-4077-97AB-DF8012095F06}.Release|Any CPU.ActiveCfg = Release|Any CPU
		{0239E038-FCC1-4077-97AB-DF8012095F06}.Release|Any CPU.Build.0 = Release|Any CPU
	EndGlobalSection
	GlobalSection(SolutionProperties) = preSolution
		HideSolutionNode = FALSE
	EndGlobalSection
	GlobalSection(ExtensibilityGlobals) = postSolution
		SolutionGuid = {ED123CB3-60CA-42FB-BC48-33605827C557}
	EndGlobalSection
EndGlobal
